
Microsoft Visual Studio Solution File, Format Version 12.00
# Visual Studio Version 16
VisualStudioVersion = 16.0.33927.289
MinimumVisualStudioVersion = 10.0.40219.1
Project("{2150E333-8FDC-42A3-9474-1A3956D46DE8}") = "Task0", "Task0", "{E2B2143A-4687-476A-BA7C-D38E28BD573B}"
EndProject
Project("{FAE04EC0-301F-11D3-BF4B-00C04F79EFBC}") = "Tyuiu.NikolaichukVS.Sprint5.Task0.V5", "Tyuiu.NikolaichukVS.Sprint5.Task0.V5\Tyuiu.NikolaichukVS.Sprint5.Task0.V5.csproj", "{14F82D8A-0613-4D3A-A892-7BAEDB9DC675}"
EndProject
Project("{FAE04EC0-301F-11D3-BF4B-00C04F79EFBC}") = "Tyuiu.NikolaichukVS.Sprint5.Task0.V5.Lib", "Tyuiu.NikolaichukVS.Sprint5.Task0.V5.Lib\Tyuiu.NikolaichukVS.Sprint5.Task0.V5.Lib.csproj", "{501D1E15-6635-42EA-BC04-8609349D5160}"
EndProject
Project("{FAE04EC0-301F-11D3-BF4B-00C04F79EFBC}") = "Tyuiu.NikolaichukVS.Sprint5.Task0.V5.Test", "Tyuiu.NikolaichukVS.Sprint5.Task0.V5.Test\Tyuiu.NikolaichukVS.Sprint5.Task0.V5.Test.csproj", "{2C2E53F1-6FA0-4ABF-B8D5-641A23396913}"
EndProject
Project("{2150E333-8FDC-42A3-9474-1A3956D46DE8}") = "Task1", "Task1", "{D127B58A-FD37-4DD8-8D4B-D52788101DE8}"
EndProject
Project("{FAE04EC0-301F-11D3-BF4B-00C04F79EFBC}") = "Tyuiu.NikolaichukVS.Sprint5.Task1.V12", "Tyuiu.NikolaichukVS.Sprint5.Task1.V12\Tyuiu.NikolaichukVS.Sprint5.Task1.V12.csproj", "{C7F412A8-9DDF-42E4-8DF2-15DDC855D033}"
EndProject
Project("{FAE04EC0-301F-11D3-BF4B-00C04F79EFBC}") = "Tyuiu.NikolaichukVS.Sprint5.Task1.V12.Lib", "Tyuiu.NikolaichukVS.Sprint5.Task1.V12.Lib\Tyuiu.NikolaichukVS.Sprint5.Task1.V12.Lib.csproj", "{B23CC6C2-38A8-4246-8EFA-7B7BB7A96183}"
EndProject
Project("{FAE04EC0-301F-11D3-BF4B-00C04F79EFBC}") = "Tyuiu.NikolaichukVS.Sprint5.Task1.V12.Test", "Tyuiu.NikolaichukVS.Sprint5.Task1.V12.Test\Tyuiu.NikolaichukVS.Sprint5.Task1.V12.Test.csproj", "{8559DFB8-BF83-4E65-8616-D83D218753EB}"
EndProject
Project("{2150E333-8FDC-42A3-9474-1A3956D46DE8}") = "Task2", "Task2", "{44050A15-79D0-4C0C-9171-B1C2AF278018}"
EndProject
Project("{FAE04EC0-301F-11D3-BF4B-00C04F79EFBC}") = "Tyuiu.NikolaichukVS.Sprint5.Task2.V23", "Tyuiu.NikolaichukVS.Sprint5.Task2.V23\Tyuiu.NikolaichukVS.Sprint5.Task2.V23.csproj", "{93B9068D-F4FE-432C-A1C1-39DEC565650C}"
EndProject
Project("{FAE04EC0-301F-11D3-BF4B-00C04F79EFBC}") = "Tyuiu.NikolaichukVS.Sprint5.Task2.V23.Lib", "Tyuiu.NikolaichukVS.Sprint5.Task2.V23.Lib\Tyuiu.NikolaichukVS.Sprint5.Task2.V23.Lib.csproj", "{AE725776-49D8-45D8-87CB-D1B0504E86E8}"
EndProject
Project("{FAE04EC0-301F-11D3-BF4B-00C04F79EFBC}") = "Tyuiu.NikolajchukVS.Sprint5.Task2.V23.Test", "Tyuiu.NikolajchukVS.Sprint5.Task2.V23.Test\Tyuiu.NikolajchukVS.Sprint5.Task2.V23.Test.csproj", "{9C208F54-6385-4427-A179-01D08B97CA40}"
EndProject
Project("{2150E333-8FDC-42A3-9474-1A3956D46DE8}") = "Task3", "Task3", "{C3F21E33-795C-4D3C-995A-BC2050C92D45}"
EndProject
Project("{FAE04EC0-301F-11D3-BF4B-00C04F79EFBC}") = "Tyuiu.NikolaichukVS.Sprint5.Task3.V30", "Tyuiu.NikolaichukVS.Sprint5.Task3.V30\Tyuiu.NikolaichukVS.Sprint5.Task3.V30.csproj", "{B3BE8C54-8F0C-42D0-9FFA-A6651798B2D1}"
EndProject
Project("{FAE04EC0-301F-11D3-BF4B-00C04F79EFBC}") = "Tyuiu.NikolaichukVS.Sprint5.Task3.V30.Lib", "Tyuiu.NikolaichukVS.Sprint5.Task3.V30.Lib\Tyuiu.NikolaichukVS.Sprint5.Task3.V30.Lib.csproj", "{7283B27A-7A4D-47BB-9AB7-C2E871B3F15E}"
EndProject
Project("{FAE04EC0-301F-11D3-BF4B-00C04F79EFBC}") = "Tyuiu.NikolaichukVS.Sprint5.Task3.V30.Test", "Tyuiu.NikolaichukVS.Sprint5.Task3.V30.Test\Tyuiu.NikolaichukVS.Sprint5.Task3.V30.Test.csproj", "{07F5DB19-E748-4570-9755-DABE06601B7B}"
EndProject
Project("{2150E333-8FDC-42A3-9474-1A3956D46DE8}") = "Task4", "Task4", "{361C4E69-EF5B-42AB-976D-FC459FE2E63F}"
EndProject
Project("{FAE04EC0-301F-11D3-BF4B-00C04F79EFBC}") = "Tyuiu.NikolaichukVS.Sprint5.Task4.V12", "Tyuiu.NikolaichukVS.Sprint5.Task4.V12\Tyuiu.NikolaichukVS.Sprint5.Task4.V12.csproj", "{ECA98607-A2CE-4596-B707-60D9CCAF3483}"
EndProject
Project("{FAE04EC0-301F-11D3-BF4B-00C04F79EFBC}") = "Tyuiu.NikolaichukVS.Sprint5.Task4.V12.Lib", "Tyuiu.NikolaichukVS.Sprint5.Task4.V12.Lib\Tyuiu.NikolaichukVS.Sprint5.Task4.V12.Lib.csproj", "{306DF2E4-2020-4ED9-9171-76BD1417244F}"
EndProject
Project("{FAE04EC0-301F-11D3-BF4B-00C04F79EFBC}") = "Tyuiu.NikolaichukVS.Sprint5.Task4.V12.Test", "Tyuiu.NikolaichukVS.Sprint5.Task4.V12.Test\Tyuiu.NikolaichukVS.Sprint5.Task4.V12.Test.csproj", "{2319E423-5B56-41E1-99A6-1931E1033F23}"
EndProject
Project("{2150E333-8FDC-42A3-9474-1A3956D46DE8}") = "Task5", "Task5", "{91D46202-6A93-4F11-805A-CDFF57BFEE6E}"
EndProject
Project("{FAE04EC0-301F-11D3-BF4B-00C04F79EFBC}") = "Tyuiu.NikolaichukVS.Sprint5.Task5.V6", "Tyuiu.NikolaichukVS.Sprint5.Task5.V6\Tyuiu.NikolaichukVS.Sprint5.Task5.V6.csproj", "{B20AE305-9DD1-4EAD-B153-1F5C82AED03C}"
EndProject
Project("{FAE04EC0-301F-11D3-BF4B-00C04F79EFBC}") = "Tyuiu.NikolaichukVS.Sprint5.Task5.V6.Lib", "Tyuiu.NikolaichukVS.Sprint5.Task5.V6.Lib\Tyuiu.NikolaichukVS.Sprint5.Task5.V6.Lib.csproj", "{60D18997-7ED5-482E-A262-148867FF3B32}"
EndProject
Project("{FAE04EC0-301F-11D3-BF4B-00C04F79EFBC}") = "Tyuiu.NikolaichukVS.Sprint5.Task5.V6.Test", "Tyuiu.NikolaichukVS.Sprint5.Task5.V6.Test\Tyuiu.NikolaichukVS.Sprint5.Task5.V6.Test.csproj", "{D4CC3E32-D68C-4CF2-9FC1-A7573F906543}"
EndProject
Project("{2150E333-8FDC-42A3-9474-1A3956D46DE8}") = "Task6", "Task6", "{CEFF4781-C491-477E-A01D-DF56D7968E01}"
EndProject
Project("{FAE04EC0-301F-11D3-BF4B-00C04F79EFBC}") = "Tyuiu.NikolaichukVS.Sprint5.Task6.V8", "Tyuiu.NikolaichukVS.Sprint5.Task6.V8\Tyuiu.NikolaichukVS.Sprint5.Task6.V8.csproj", "{30FECB4F-C057-4890-8E4B-EE35BC48FE7D}"
EndProject
Project("{FAE04EC0-301F-11D3-BF4B-00C04F79EFBC}") = "Tyuiu.NikolaichukVS.Sprint5.Task6.V8.Lib", "Tyuiu.NikolaichukVS.Sprint5.Task6.V8.Lib\Tyuiu.NikolaichukVS.Sprint5.Task6.V8.Lib.csproj", "{8DD0CF42-7C63-4E0E-B3FE-DF05989EDC8C}"
EndProject
Project("{FAE04EC0-301F-11D3-BF4B-00C04F79EFBC}") = "Tyuiu.NikolaichukVS.Sprint5.Task6.V8.Test", "Tyuiu.NikolaichukVS.Sprint5.Task6.V8.Test\Tyuiu.NikolaichukVS.Sprint5.Task6.V8.Test.csproj", "{EC2A4871-EF08-435C-8C4F-E34D0AC728A9}"
EndProject
Global
	GlobalSection(SolutionConfigurationPlatforms) = preSolution
		Debug|Any CPU = Debug|Any CPU
		Release|Any CPU = Release|Any CPU
	EndGlobalSection
	GlobalSection(ProjectConfigurationPlatforms) = postSolution
		{14F82D8A-0613-4D3A-A892-7BAEDB9DC675}.Debug|Any CPU.ActiveCfg = Debug|Any CPU
		{14F82D8A-0613-4D3A-A892-7BAEDB9DC675}.Debug|Any CPU.Build.0 = Debug|Any CPU
		{14F82D8A-0613-4D3A-A892-7BAEDB9DC675}.Release|Any CPU.ActiveCfg = Release|Any CPU
		{14F82D8A-0613-4D3A-A892-7BAEDB9DC675}.Release|Any CPU.Build.0 = Release|Any CPU
		{501D1E15-6635-42EA-BC04-8609349D5160}.Debug|Any CPU.ActiveCfg = Debug|Any CPU
		{501D1E15-6635-42EA-BC04-8609349D5160}.Debug|Any CPU.Build.0 = Debug|Any CPU
		{501D1E15-6635-42EA-BC04-8609349D5160}.Release|Any CPU.ActiveCfg = Release|Any CPU
		{501D1E15-6635-42EA-BC04-8609349D5160}.Release|Any CPU.Build.0 = Release|Any CPU
		{2C2E53F1-6FA0-4ABF-B8D5-641A23396913}.Debug|Any CPU.ActiveCfg = Debug|Any CPU
		{2C2E53F1-6FA0-4ABF-B8D5-641A23396913}.Debug|Any CPU.Build.0 = Debug|Any CPU
		{2C2E53F1-6FA0-4ABF-B8D5-641A23396913}.Release|Any CPU.ActiveCfg = Release|Any CPU
		{2C2E53F1-6FA0-4ABF-B8D5-641A23396913}.Release|Any CPU.Build.0 = Release|Any CPU
		{C7F412A8-9DDF-42E4-8DF2-15DDC855D033}.Debug|Any CPU.ActiveCfg = Debug|Any CPU
		{C7F412A8-9DDF-42E4-8DF2-15DDC855D033}.Debug|Any CPU.Build.0 = Debug|Any CPU
		{C7F412A8-9DDF-42E4-8DF2-15DDC855D033}.Release|Any CPU.ActiveCfg = Release|Any CPU
		{C7F412A8-9DDF-42E4-8DF2-15DDC855D033}.Release|Any CPU.Build.0 = Release|Any CPU
		{B23CC6C2-38A8-4246-8EFA-7B7BB7A96183}.Debug|Any CPU.ActiveCfg = Debug|Any CPU
		{B23CC6C2-38A8-4246-8EFA-7B7BB7A96183}.Debug|Any CPU.Build.0 = Debug|Any CPU
		{B23CC6C2-38A8-4246-8EFA-7B7BB7A96183}.Release|Any CPU.ActiveCfg = Release|Any CPU
		{B23CC6C2-38A8-4246-8EFA-7B7BB7A96183}.Release|Any CPU.Build.0 = Release|Any CPU
		{8559DFB8-BF83-4E65-8616-D83D218753EB}.Debug|Any CPU.ActiveCfg = Debug|Any CPU
		{8559DFB8-BF83-4E65-8616-D83D218753EB}.Debug|Any CPU.Build.0 = Debug|Any CPU
		{8559DFB8-BF83-4E65-8616-D83D218753EB}.Release|Any CPU.ActiveCfg = Release|Any CPU
		{8559DFB8-BF83-4E65-8616-D83D218753EB}.Release|Any CPU.Build.0 = Release|Any CPU
		{93B9068D-F4FE-432C-A1C1-39DEC565650C}.Debug|Any CPU.ActiveCfg = Debug|Any CPU
		{93B9068D-F4FE-432C-A1C1-39DEC565650C}.Debug|Any CPU.Build.0 = Debug|Any CPU
		{93B9068D-F4FE-432C-A1C1-39DEC565650C}.Release|Any CPU.ActiveCfg = Release|Any CPU
		{93B9068D-F4FE-432C-A1C1-39DEC565650C}.Release|Any CPU.Build.0 = Release|Any CPU
		{AE725776-49D8-45D8-87CB-D1B0504E86E8}.Debug|Any CPU.ActiveCfg = Debug|Any CPU
		{AE725776-49D8-45D8-87CB-D1B0504E86E8}.Debug|Any CPU.Build.0 = Debug|Any CPU
		{AE725776-49D8-45D8-87CB-D1B0504E86E8}.Release|Any CPU.ActiveCfg = Release|Any CPU
		{AE725776-49D8-45D8-87CB-D1B0504E86E8}.Release|Any CPU.Build.0 = Release|Any CPU
		{9C208F54-6385-4427-A179-01D08B97CA40}.Debug|Any CPU.ActiveCfg = Debug|Any CPU
		{9C208F54-6385-4427-A179-01D08B97CA40}.Debug|Any CPU.Build.0 = Debug|Any CPU
		{9C208F54-6385-4427-A179-01D08B97CA40}.Release|Any CPU.ActiveCfg = Release|Any CPU
		{9C208F54-6385-4427-A179-01D08B97CA40}.Release|Any CPU.Build.0 = Release|Any CPU
		{B3BE8C54-8F0C-42D0-9FFA-A6651798B2D1}.Debug|Any CPU.ActiveCfg = Debug|Any CPU
		{B3BE8C54-8F0C-42D0-9FFA-A6651798B2D1}.Debug|Any CPU.Build.0 = Debug|Any CPU
		{B3BE8C54-8F0C-42D0-9FFA-A6651798B2D1}.Release|Any CPU.ActiveCfg = Release|Any CPU
		{B3BE8C54-8F0C-42D0-9FFA-A6651798B2D1}.Release|Any CPU.Build.0 = Release|Any CPU
		{7283B27A-7A4D-47BB-9AB7-C2E871B3F15E}.Debug|Any CPU.ActiveCfg = Debug|Any CPU
		{7283B27A-7A4D-47BB-9AB7-C2E871B3F15E}.Debug|Any CPU.Build.0 = Debug|Any CPU
		{7283B27A-7A4D-47BB-9AB7-C2E871B3F15E}.Release|Any CPU.ActiveCfg = Release|Any CPU
		{7283B27A-7A4D-47BB-9AB7-C2E871B3F15E}.Release|Any CPU.Build.0 = Release|Any CPU
		{07F5DB19-E748-4570-9755-DABE06601B7B}.Debug|Any CPU.ActiveCfg = Debug|Any CPU
		{07F5DB19-E748-4570-9755-DABE06601B7B}.Debug|Any CPU.Build.0 = Debug|Any CPU
		{07F5DB19-E748-4570-9755-DABE06601B7B}.Release|Any CPU.ActiveCfg = Release|Any CPU
		{07F5DB19-E748-4570-9755-DABE06601B7B}.Release|Any CPU.Build.0 = Release|Any CPU
		{ECA98607-A2CE-4596-B707-60D9CCAF3483}.Debug|Any CPU.ActiveCfg = Debug|Any CPU
		{ECA98607-A2CE-4596-B707-60D9CCAF3483}.Debug|Any CPU.Build.0 = Debug|Any CPU
		{ECA98607-A2CE-4596-B707-60D9CCAF3483}.Release|Any CPU.ActiveCfg = Release|Any CPU
		{ECA98607-A2CE-4596-B707-60D9CCAF3483}.Release|Any CPU.Build.0 = Release|Any CPU
		{306DF2E4-2020-4ED9-9171-76BD1417244F}.Debug|Any CPU.ActiveCfg = Debug|Any CPU
		{306DF2E4-2020-4ED9-9171-76BD1417244F}.Debug|Any CPU.Build.0 = Debug|Any CPU
		{306DF2E4-2020-4ED9-9171-76BD1417244F}.Release|Any CPU.ActiveCfg = Release|Any CPU
		{306DF2E4-2020-4ED9-9171-76BD1417244F}.Release|Any CPU.Build.0 = Release|Any CPU
		{2319E423-5B56-41E1-99A6-1931E1033F23}.Debug|Any CPU.ActiveCfg = Debug|Any CPU
		{2319E423-5B56-41E1-99A6-1931E1033F23}.Debug|Any CPU.Build.0 = Debug|Any CPU
		{2319E423-5B56-41E1-99A6-1931E1033F23}.Release|Any CPU.ActiveCfg = Release|Any CPU
		{2319E423-5B56-41E1-99A6-1931E1033F23}.Release|Any CPU.Build.0 = Release|Any CPU
		{B20AE305-9DD1-4EAD-B153-1F5C82AED03C}.Debug|Any CPU.ActiveCfg = Debug|Any CPU
		{B20AE305-9DD1-4EAD-B153-1F5C82AED03C}.Debug|Any CPU.Build.0 = Debug|Any CPU
		{B20AE305-9DD1-4EAD-B153-1F5C82AED03C}.Release|Any CPU.ActiveCfg = Release|Any CPU
		{B20AE305-9DD1-4EAD-B153-1F5C82AED03C}.Release|Any CPU.Build.0 = Release|Any CPU
		{60D18997-7ED5-482E-A262-148867FF3B32}.Debug|Any CPU.ActiveCfg = Debug|Any CPU
		{60D18997-7ED5-482E-A262-148867FF3B32}.Debug|Any CPU.Build.0 = Debug|Any CPU
		{60D18997-7ED5-482E-A262-148867FF3B32}.Release|Any CPU.ActiveCfg = Release|Any CPU
		{60D18997-7ED5-482E-A262-148867FF3B32}.Release|Any CPU.Build.0 = Release|Any CPU
		{D4CC3E32-D68C-4CF2-9FC1-A7573F906543}.Debug|Any CPU.ActiveCfg = Debug|Any CPU
		{D4CC3E32-D68C-4CF2-9FC1-A7573F906543}.Debug|Any CPU.Build.0 = Debug|Any CPU
		{D4CC3E32-D68C-4CF2-9FC1-A7573F906543}.Release|Any CPU.ActiveCfg = Release|Any CPU
		{D4CC3E32-D68C-4CF2-9FC1-A7573F906543}.Release|Any CPU.Build.0 = Release|Any CPU
		{30FECB4F-C057-4890-8E4B-EE35BC48FE7D}.Debug|Any CPU.ActiveCfg = Debug|Any CPU
		{30FECB4F-C057-4890-8E4B-EE35BC48FE7D}.Debug|Any CPU.Build.0 = Debug|Any CPU
		{30FECB4F-C057-4890-8E4B-EE35BC48FE7D}.Release|Any CPU.ActiveCfg = Release|Any CPU
		{30FECB4F-C057-4890-8E4B-EE35BC48FE7D}.Release|Any CPU.Build.0 = Release|Any CPU
		{8DD0CF42-7C63-4E0E-B3FE-DF05989EDC8C}.Debug|Any CPU.ActiveCfg = Debug|Any CPU
		{8DD0CF42-7C63-4E0E-B3FE-DF05989EDC8C}.Debug|Any CPU.Build.0 = Debug|Any CPU
		{8DD0CF42-7C63-4E0E-B3FE-DF05989EDC8C}.Release|Any CPU.ActiveCfg = Release|Any CPU
		{8DD0CF42-7C63-4E0E-B3FE-DF05989EDC8C}.Release|Any CPU.Build.0 = Release|Any CPU
		{EC2A4871-EF08-435C-8C4F-E34D0AC728A9}.Debug|Any CPU.ActiveCfg = Debug|Any CPU
		{EC2A4871-EF08-435C-8C4F-E34D0AC728A9}.Debug|Any CPU.Build.0 = Debug|Any CPU
		{EC2A4871-EF08-435C-8C4F-E34D0AC728A9}.Release|Any CPU.ActiveCfg = Release|Any CPU
		{EC2A4871-EF08-435C-8C4F-E34D0AC728A9}.Release|Any CPU.Build.0 = Release|Any CPU
	EndGlobalSection
	GlobalSection(SolutionProperties) = preSolution
		HideSolutionNode = FALSE
	EndGlobalSection
	GlobalSection(NestedProjects) = preSolution
		{14F82D8A-0613-4D3A-A892-7BAEDB9DC675} = {E2B2143A-4687-476A-BA7C-D38E28BD573B}
		{501D1E15-6635-42EA-BC04-8609349D5160} = {E2B2143A-4687-476A-BA7C-D38E28BD573B}
		{2C2E53F1-6FA0-4ABF-B8D5-641A23396913} = {E2B2143A-4687-476A-BA7C-D38E28BD573B}
		{C7F412A8-9DDF-42E4-8DF2-15DDC855D033} = {D127B58A-FD37-4DD8-8D4B-D52788101DE8}
		{B23CC6C2-38A8-4246-8EFA-7B7BB7A96183} = {D127B58A-FD37-4DD8-8D4B-D52788101DE8}
		{8559DFB8-BF83-4E65-8616-D83D218753EB} = {D127B58A-FD37-4DD8-8D4B-D52788101DE8}
		{93B9068D-F4FE-432C-A1C1-39DEC565650C} = {44050A15-79D0-4C0C-9171-B1C2AF278018}
		{AE725776-49D8-45D8-87CB-D1B0504E86E8} = {44050A15-79D0-4C0C-9171-B1C2AF278018}
		{9C208F54-6385-4427-A179-01D08B97CA40} = {44050A15-79D0-4C0C-9171-B1C2AF278018}
		{B3BE8C54-8F0C-42D0-9FFA-A6651798B2D1} = {C3F21E33-795C-4D3C-995A-BC2050C92D45}
		{7283B27A-7A4D-47BB-9AB7-C2E871B3F15E} = {C3F21E33-795C-4D3C-995A-BC2050C92D45}
		{07F5DB19-E748-4570-9755-DABE06601B7B} = {C3F21E33-795C-4D3C-995A-BC2050C92D45}
		{ECA98607-A2CE-4596-B707-60D9CCAF3483} = {361C4E69-EF5B-42AB-976D-FC459FE2E63F}
		{306DF2E4-2020-4ED9-9171-76BD1417244F} = {361C4E69-EF5B-42AB-976D-FC459FE2E63F}
		{2319E423-5B56-41E1-99A6-1931E1033F23} = {361C4E69-EF5B-42AB-976D-FC459FE2E63F}
		{B20AE305-9DD1-4EAD-B153-1F5C82AED03C} = {91D46202-6A93-4F11-805A-CDFF57BFEE6E}
		{60D18997-7ED5-482E-A262-148867FF3B32} = {91D46202-6A93-4F11-805A-CDFF57BFEE6E}
		{D4CC3E32-D68C-4CF2-9FC1-A7573F906543} = {91D46202-6A93-4F11-805A-CDFF57BFEE6E}
		{30FECB4F-C057-4890-8E4B-EE35BC48FE7D} = {CEFF4781-C491-477E-A01D-DF56D7968E01}
		{8DD0CF42-7C63-4E0E-B3FE-DF05989EDC8C} = {CEFF4781-C491-477E-A01D-DF56D7968E01}
		{EC2A4871-EF08-435C-8C4F-E34D0AC728A9} = {CEFF4781-C491-477E-A01D-DF56D7968E01}
	EndGlobalSection
	GlobalSection(ExtensibilityGlobals) = postSolution
		SolutionGuid = {9B338DDC-DE2B-440A-9405-17D50712BEEA}
	EndGlobalSection
EndGlobal
